
Microsoft Visual Studio Solution File, Format Version 12.00
# Visual Studio 15
VisualStudioVersion = 15.0.28307.779
MinimumVisualStudioVersion = 10.0.40219.1
Project("{8BC9CEB8-8B4A-11D0-8D11-00A0C91BC942}") = "SGFramework-Master_ToExe", "SGFramework-Master_ToExe\SGFramework-Master_ToExe.vcxproj", "{DB078B3A-D6E1-48D4-B1FB-162182A97BA7}"
EndProject
Global
	GlobalSection(SolutionConfigurationPlatforms) = preSolution
		DebugInReleaseWinDx|x64 = DebugInReleaseWinDx|x64
		DebugInReleaseWinDx|x86 = DebugInReleaseWinDx|x86
		DebugWinDx|x64 = DebugWinDx|x64
		DebugWinDx|x86 = DebugWinDx|x86
		ReleaseWinDx|x64 = ReleaseWinDx|x64
		ReleaseWinDx|x86 = ReleaseWinDx|x86
	EndGlobalSection
	GlobalSection(ProjectConfigurationPlatforms) = postSolution
		{DB078B3A-D6E1-48D4-B1FB-162182A97BA7}.DebugInReleaseWinDx|x64.ActiveCfg = DebugInReleaseWinDx|x64
		{DB078B3A-D6E1-48D4-B1FB-162182A97BA7}.DebugInReleaseWinDx|x64.Build.0 = DebugInReleaseWinDx|x64
		{DB078B3A-D6E1-48D4-B1FB-162182A97BA7}.DebugInReleaseWinDx|x86.ActiveCfg = ReleaseWinDx|x64
		{DB078B3A-D6E1-48D4-B1FB-162182A97BA7}.DebugInReleaseWinDx|x86.Build.0 = ReleaseWinDx|x64
		{DB078B3A-D6E1-48D4-B1FB-162182A97BA7}.DebugWinDx|x64.ActiveCfg = DebugWinDx|x64
		{DB078B3A-D6E1-48D4-B1FB-162182A97BA7}.DebugWinDx|x64.Build.0 = DebugWinDx|x64
		{DB078B3A-D6E1-48D4-B1FB-162182A97BA7}.DebugWinDx|x86.ActiveCfg = ReleaseWinDx|x64
		{DB078B3A-D6E1-48D4-B1FB-162182A97BA7}.DebugWinDx|x86.Build.0 = ReleaseWinDx|x64
		{DB078B3A-D6E1-48D4-B1FB-162182A97BA7}.ReleaseWinDx|x64.ActiveCfg = ReleaseWinDx|x64
		{DB078B3A-D6E1-48D4-B1FB-162182A97BA7}.ReleaseWinDx|x64.Build.0 = ReleaseWinDx|x64
		{DB078B3A-D6E1-48D4-B1FB-162182A97BA7}.ReleaseWinDx|x86.ActiveCfg = ReleaseWinDx|x64
		{DB078B3A-D6E1-48D4-B1FB-162182A97BA7}.ReleaseWinDx|x86.Build.0 = ReleaseWinDx|x64
	EndGlobalSection
	GlobalSection(SolutionProperties) = preSolution
		HideSolutionNode = FALSE
	EndGlobalSection
	GlobalSection(ExtensibilityGlobals) = postSolution
		SolutionGuid = {EA08EF82-7C91-427D-9BB0-ED37BBD90402}
	EndGlobalSection
EndGlobal
