<?xml version="1.0" encoding="utf-8"?>
<Project ToolsVersion="4.0" xmlns="http://schemas.microsoft.com/developer/msbuild/2003">
  <ItemGroup>
    <Filter Include="Original source">
      <UniqueIdentifier>{4FC737F1-C7A5-4376-A066-2A32D752A2FF}</UniqueIdentifier>
      <Extensions>cpp;c;cc;cxx;def;odl;idl;hpj;bat;asm;asmx</Extensions>
    </Filter>
    <Filter Include="Framework source">
      <UniqueIdentifier>{a264cb20-6144-42c7-a016-370f0e593fe8}</UniqueIdentifier>
    </Filter>
    <Filter Include="Framework source\02_Variables">
      <UniqueIdentifier>{32f3ecaa-4b86-492f-b260-40b5cee29da3}</UniqueIdentifier>
    </Filter>
    <Filter Include="Framework source\02_Variables\Atomic">
      <UniqueIdentifier>{e8e92fac-4038-4f97-9caf-77b35ffe6213}</UniqueIdentifier>
    </Filter>
    <Filter Include="Framework source\02_Variables\CharacteCode">
      <UniqueIdentifier>{02863fac-9a8f-4e1c-a0f4-d740fc0adbe7}</UniqueIdentifier>
    </Filter>
    <Filter Include="Framework source\02_Variables\Color">
      <UniqueIdentifier>{c31c8944-12b2-4a0c-ab87-b742ba6fe045}</UniqueIdentifier>
    </Filter>
    <Filter Include="Framework source\02_Variables\ConstVariables">
      <UniqueIdentifier>{0096201a-224d-4338-9ff6-3ce482b1c7fb}</UniqueIdentifier>
    </Filter>
    <Filter Include="Framework source\02_Variables\Exception">
      <UniqueIdentifier>{307bf354-a177-461c-94b9-30ee9f2b481d}</UniqueIdentifier>
    </Filter>
    <Filter Include="Framework source\02_Variables\InputCode">
      <UniqueIdentifier>{d0173195-238f-4e91-8d7f-00979fdae43e}</UniqueIdentifier>
    </Filter>
    <Filter Include="Framework source\02_Variables\Stringf">
      <UniqueIdentifier>{addc594b-7af2-4f8c-bdb1-b76a5df5ce9a}</UniqueIdentifier>
    </Filter>
    <Filter Include="Framework source\02_Variables\LayerAndTag-n">
      <UniqueIdentifier>{f7f10fe7-8398-495e-b679-4251995a147d}</UniqueIdentifier>
    </Filter>
    <Filter Include="Framework source\02_Variables\ReadElement">
      <UniqueIdentifier>{e3a1089d-dcd5-48c4-b3d4-bce4418ac000}</UniqueIdentifier>
    </Filter>
    <Filter Include="Framework source\00_Texts">
      <UniqueIdentifier>{7aa34bf4-5364-4da5-8017-d0e1167ce550}</UniqueIdentifier>
    </Filter>
    <Filter Include="Framework source\01_MacroAndLibrarys">
      <UniqueIdentifier>{7c481662-c224-4a28-af34-501a97d9f6b7}</UniqueIdentifier>
    </Filter>
    <Filter Include="Framework source\01_MacroAndLibrarys\BelongingHeaders">
      <UniqueIdentifier>{eaf51e6a-7b9e-4cb9-be2d-d68ef1ddd266}</UniqueIdentifier>
    </Filter>
  </ItemGroup>
  <ItemGroup>
    <ClCompile Include="WinMain.cpp">
      <Filter>Original source</Filter>
    </ClCompile>
    <ClCompile Include="..\SGFramework-Master_ToExe\02_Variables\CharacterCode\CharacterCode.cpp">
      <Filter>Framework source\02_Variables\CharacteCode</Filter>
    </ClCompile>
    <ClCompile Include="..\SGFramework-Master_ToExe\02_Variables\ConstVariables\ConstVariables.cpp">
      <Filter>Framework source\02_Variables\ConstVariables</Filter>
    </ClCompile>
    <ClCompile Include="..\SGFramework-Master_ToExe\02_Variables\Exception\ExceptionBacktrace.cpp">
      <Filter>Framework source\02_Variables\Exception</Filter>
    </ClCompile>
    <ClCompile Include="..\SGFramework-Master_ToExe\02_Variables\Exception\ExceptionWindowWin64.cpp">
      <Filter>Framework source\02_Variables\Exception</Filter>
    </ClCompile>
  </ItemGroup>
  <ItemGroup>
    <ClInclude Include="..\SGFramework-Master_ToExe\02_Variables\Atomic\Atomic.hpp">
      <Filter>Framework source\02_Variables\Atomic</Filter>
    </ClInclude>
    <ClInclude Include="..\SGFramework-Master_ToExe\02_Variables\CharacterCode\CharacterCode.hpp">
      <Filter>Framework source\02_Variables\CharacteCode</Filter>
    </ClInclude>
    <ClInclude Include="..\SGFramework-Master_ToExe\02_Variables\Color\Color.hpp">
      <Filter>Framework source\02_Variables\Color</Filter>
    </ClInclude>
    <ClInclude Include="..\SGFramework-Master_ToExe\02_Variables\InputCode\InputCode.hpp">
      <Filter>Framework source\02_Variables\InputCode</Filter>
    </ClInclude>
    <ClInclude Include="..\SGFramework-Master_ToExe\02_Variables\InputCode\JoystickCode.hpp">
      <Filter>Framework source\02_Variables\InputCode</Filter>
    </ClInclude>
    <ClInclude Include="..\SGFramework-Master_ToExe\02_Variables\InputCode\KeyBordCode.hpp">
      <Filter>Framework source\02_Variables\InputCode</Filter>
    </ClInclude>
    <ClInclude Include="..\SGFramework-Master_ToExe\02_Variables\InputCode\MouseCode.hpp">
      <Filter>Framework source\02_Variables\InputCode</Filter>
    </ClInclude>
    <ClInclude Include="..\SGFramework-Master_ToExe\02_Variables\Variables.hpp">
      <Filter>Framework source\02_Variables</Filter>
    </ClInclude>
    <ClInclude Include="..\SGFramework-Master_ToExe\02_Variables\Stringf\Stringf.hpp">
      <Filter>Framework source\02_Variables\Stringf</Filter>
    </ClInclude>
    <ClInclude Include="..\SGFramework-Master_ToExe\02_Variables\Stringf\StringfOtherFunctions.hpp">
      <Filter>Framework source\02_Variables\Stringf</Filter>
    </ClInclude>
    <ClInclude Include="..\SGFramework-Master_ToExe\02_Variables\Stringf\StringfUsingAndStructure.hpp">
      <Filter>Framework source\02_Variables\Stringf</Filter>
    </ClInclude>
    <ClInclude Include="..\SGFramework-Master_ToExe\02_Variables\ReadElement\ReadElement.hpp">
      <Filter>Framework source\02_Variables\ReadElement</Filter>
    </ClInclude>
    <ClInclude Include="..\SGFramework-Master_ToExe\02_Variables\Exception\ExceptionBacktrace.hpp">
      <Filter>Framework source\02_Variables\Exception</Filter>
    </ClInclude>
    <ClInclude Include="..\SGFramework-Master_ToExe\02_Variables\Exception\ExceptionDeriveds.hpp">
      <Filter>Framework source\02_Variables\Exception</Filter>
    </ClInclude>
    <ClInclude Include="..\SGFramework-Master_ToExe\02_Variables\Exception\BaseException.hpp">
      <Filter>Framework source\02_Variables\Exception</Filter>
    </ClInclude>
    <ClInclude Include="..\SGFramework-Master_ToExe\02_Variables\Exception\Exception.hpp">
      <Filter>Framework source\02_Variables\Exception</Filter>
    </ClInclude>
    <ClInclude Include="..\SGFramework-Master_ToExe\02_Variables\Exception\ExceptionWindow.hpp">
      <Filter>Framework source\02_Variables\Exception</Filter>
    </ClInclude>
    <ClInclude Include="..\SGFramework-Master_ToExe\02_Variables\Stringf\StringfConvert.hpp">
      <Filter>Framework source\02_Variables\Stringf</Filter>
    </ClInclude>
    <ClInclude Include="..\SGFramework-Master_ToExe\02_Variables\Stringf\StringfTo.hpp">
      <Filter>Framework source\02_Variables\Stringf</Filter>
    </ClInclude>
    <ClInclude Include="..\SGFramework-Master_ToExe\01_MacroAndLibrarys\MacroAndLibrarys.hpp">
      <Filter>Framework source\01_MacroAndLibrarys</Filter>
    </ClInclude>
    <ClInclude Include="..\SGFramework-Master_ToExe\01_MacroAndLibrarys\BelongingHeaders\MacroAndUsing.hpp">
      <Filter>Framework source\01_MacroAndLibrarys\BelongingHeaders</Filter>
    </ClInclude>
    <ClInclude Include="..\SGFramework-Master_ToExe\01_MacroAndLibrarys\BelongingHeaders\LibraryImports.hpp">
      <Filter>Framework source\01_MacroAndLibrarys\BelongingHeaders</Filter>
    </ClInclude>
  </ItemGroup>
  <ItemGroup>
    <Text Include="..\SGFramework-Master_ToExe\00_Texts\CodeConvention-Comment.txt">
      <Filter>Framework source\00_Texts</Filter>
    </Text>
  </ItemGroup>
</Project>